// !$*UTF8*$!
{
	archiveVersion = 1;
	classes = {
	};
	objectVersion = 55;
	objects = {

/* Begin PBXBuildFile section */
		C0386F4E2899090E0080B2ED /* AppDelegate.swift in Sources */ = {isa = PBXBuildFile; fileRef = C0386F4D2899090E0080B2ED /* AppDelegate.swift */; };
		C0386F502899090E0080B2ED /* SceneDelegate.swift in Sources */ = {isa = PBXBuildFile; fileRef = C0386F4F2899090E0080B2ED /* SceneDelegate.swift */; };
		C0386F522899090E0080B2ED /* ViewController.swift in Sources */ = {isa = PBXBuildFile; fileRef = C0386F512899090E0080B2ED /* ViewController.swift */; };
		C0386F552899090E0080B2ED /* Main.storyboard in Resources */ = {isa = PBXBuildFile; fileRef = C0386F532899090E0080B2ED /* Main.storyboard */; };
		C0386F57289909100080B2ED /* Assets.xcassets in Resources */ = {isa = PBXBuildFile; fileRef = C0386F56289909100080B2ED /* Assets.xcassets */; };
		C0386F5A289909100080B2ED /* LaunchScreen.storyboard in Resources */ = {isa = PBXBuildFile; fileRef = C0386F58289909100080B2ED /* LaunchScreen.storyboard */; };
		C0386F65289909110080B2ED /* AttributedStringTestTests.swift in Sources */ = {isa = PBXBuildFile; fileRef = C0386F64289909110080B2ED /* AttributedStringTestTests.swift */; };
		C0386F6F289909110080B2ED /* AttributedStringTestUITests.swift in Sources */ = {isa = PBXBuildFile; fileRef = C0386F6E289909110080B2ED /* AttributedStringTestUITests.swift */; };
		C0386F71289909110080B2ED /* AttributedStringTestUITestsLaunchTests.swift in Sources */ = {isa = PBXBuildFile; fileRef = C0386F70289909110080B2ED /* AttributedStringTestUITestsLaunchTests.swift */; };
/* End PBXBuildFile section */

/* Begin PBXContainerItemProxy section */
		C0386F61289909110080B2ED /* PBXContainerItemProxy */ = {
			isa = PBXContainerItemProxy;
			containerPortal = C0386F422899090E0080B2ED /* Project object */;
			proxyType = 1;
			remoteGlobalIDString = C0386F492899090E0080B2ED;
			remoteInfo = AttributedStringTest;
		};
		C0386F6B289909110080B2ED /* PBXContainerItemProxy */ = {
			isa = PBXContainerItemProxy;
			containerPortal = C0386F422899090E0080B2ED /* Project object */;
			proxyType = 1;
			remoteGlobalIDString = C0386F492899090E0080B2ED;
			remoteInfo = AttributedStringTest;
		};
/* End PBXContainerItemProxy section */

/* Begin PBXFileReference section */
		C0386F4A2899090E0080B2ED /* AttributedStringTest.app */ = {isa = PBXFileReference; explicitFileType = wrapper.application; includeInIndex = 0; path = AttributedStringTest.app; sourceTree = BUILT_PRODUCTS_DIR; };
		C0386F4D2899090E0080B2ED /* AppDelegate.swift */ = {isa = PBXFileReference; lastKnownFileType = sourcecode.swift; path = AppDelegate.swift; sourceTree = "<group>"; };
		C0386F4F2899090E0080B2ED /* SceneDelegate.swift */ = {isa = PBXFileReference; lastKnownFileType = sourcecode.swift; path = SceneDelegate.swift; sourceTree = "<group>"; };
		C0386F512899090E0080B2ED /* ViewController.swift */ = {isa = PBXFileReference; lastKnownFileType = sourcecode.swift; path = ViewController.swift; sourceTree = "<group>"; };
		C0386F542899090E0080B2ED /* Base */ = {isa = PBXFileReference; lastKnownFileType = file.storyboard; name = Base; path = Base.lproj/Main.storyboard; sourceTree = "<group>"; };
		C0386F56289909100080B2ED /* Assets.xcassets */ = {isa = PBXFileReference; lastKnownFileType = folder.assetcatalog; path = Assets.xcassets; sourceTree = "<group>"; };
		C0386F59289909100080B2ED /* Base */ = {isa = PBXFileReference; lastKnownFileType = file.storyboard; name = Base; path = Base.lproj/LaunchScreen.storyboard; sourceTree = "<group>"; };
		C0386F5B289909100080B2ED /* Info.plist */ = {isa = PBXFileReference; lastKnownFileType = text.plist.xml; path = Info.plist; sourceTree = "<group>"; };
		C0386F60289909110080B2ED /* AttributedStringTestTests.xctest */ = {isa = PBXFileReference; explicitFileType = wrapper.cfbundle; includeInIndex = 0; path = AttributedStringTestTests.xctest; sourceTree = BUILT_PRODUCTS_DIR; };
		C0386F64289909110080B2ED /* AttributedStringTestTests.swift */ = {isa = PBXFileReference; lastKnownFileType = sourcecode.swift; path = AttributedStringTestTests.swift; sourceTree = "<group>"; };
		C0386F6A289909110080B2ED /* AttributedStringTestUITests.xctest */ = {isa = PBXFileReference; explicitFileType = wrapper.cfbundle; includeInIndex = 0; path = AttributedStringTestUITests.xctest; sourceTree = BUILT_PRODUCTS_DIR; };
		C0386F6E289909110080B2ED /* AttributedStringTestUITests.swift */ = {isa = PBXFileReference; lastKnownFileType = sourcecode.swift; path = AttributedStringTestUITests.swift; sourceTree = "<group>"; };
		C0386F70289909110080B2ED /* AttributedStringTestUITestsLaunchTests.swift */ = {isa = PBXFileReference; lastKnownFileType = sourcecode.swift; path = AttributedStringTestUITestsLaunchTests.swift; sourceTree = "<group>"; };
/* End PBXFileReference section */

/* Begin PBXFrameworksBuildPhase section */
		C0386F472899090E0080B2ED /* Frameworks */ = {
			isa = PBXFrameworksBuildPhase;
			buildActionMask = 2147483647;
			files = (
			);
			runOnlyForDeploymentPostprocessing = 0;
		};
		C0386F5D289909110080B2ED /* Frameworks */ = {
			isa = PBXFrameworksBuildPhase;
			buildActionMask = 2147483647;
			files = (
			);
			runOnlyForDeploymentPostprocessing = 0;
		};
		C0386F67289909110080B2ED /* Frameworks */ = {
			isa = PBXFrameworksBuildPhase;
			buildActionMask = 2147483647;
			files = (
			);
			runOnlyForDeploymentPostprocessing = 0;
		};
/* End PBXFrameworksBuildPhase section */

/* Begin PBXGroup section */
		C0386F412899090E0080B2ED = {
			isa = PBXGroup;
			children = (
				C0386F4C2899090E0080B2ED /* AttributedStringTest */,
				C0386F63289909110080B2ED /* AttributedStringTestTests */,
				C0386F6D289909110080B2ED /* AttributedStringTestUITests */,
				C0386F4B2899090E0080B2ED /* Products */,
			);
			sourceTree = "<group>";
		};
		C0386F4B2899090E0080B2ED /* Products */ = {
			isa = PBXGroup;
			children = (
				C0386F4A2899090E0080B2ED /* AttributedStringTest.app */,
				C0386F60289909110080B2ED /* AttributedStringTestTests.xctest */,
				C0386F6A289909110080B2ED /* AttributedStringTestUITests.xctest */,
			);
			name = Products;
			sourceTree = "<group>";
		};
		C0386F4C2899090E0080B2ED /* AttributedStringTest */ = {
			isa = PBXGroup;
			children = (
				C0386F4D2899090E0080B2ED /* AppDelegate.swift */,
				C0386F4F2899090E0080B2ED /* SceneDelegate.swift */,
				C0386F512899090E0080B2ED /* ViewController.swift */,
				C0386F532899090E0080B2ED /* Main.storyboard */,
				C0386F56289909100080B2ED /* Assets.xcassets */,
				C0386F58289909100080B2ED /* LaunchScreen.storyboard */,
				C0386F5B289909100080B2ED /* Info.plist */,
			);
			path = AttributedStringTest;
			sourceTree = "<group>";
		};
		C0386F63289909110080B2ED /* AttributedStringTestTests */ = {
			isa = PBXGroup;
			children = (
				C0386F64289909110080B2ED /* AttributedStringTestTests.swift */,
			);
			path = AttributedStringTestTests;
			sourceTree = "<group>";
		};
		C0386F6D289909110080B2ED /* AttributedStringTestUITests */ = {
			isa = PBXGroup;
			children = (
				C0386F6E289909110080B2ED /* AttributedStringTestUITests.swift */,
				C0386F70289909110080B2ED /* AttributedStringTestUITestsLaunchTests.swift */,
			);
			path = AttributedStringTestUITests;
			sourceTree = "<group>";
		};
/* End PBXGroup section */

/* Begin PBXNativeTarget section */
		C0386F492899090E0080B2ED /* AttributedStringTest */ = {
			isa = PBXNativeTarget;
			buildConfigurationList = C0386F74289909110080B2ED /* Build configuration list for PBXNativeTarget "AttributedStringTest" */;
			buildPhases = (
				C0386F462899090E0080B2ED /* Sources */,
				C0386F472899090E0080B2ED /* Frameworks */,
				C0386F482899090E0080B2ED /* Resources */,
			);
			buildRules = (
			);
			dependencies = (
			);
			name = AttributedStringTest;
			productName = AttributedStringTest;
			productReference = C0386F4A2899090E0080B2ED /* AttributedStringTest.app */;
			productType = "com.apple.product-type.application";
		};
		C0386F5F289909110080B2ED /* AttributedStringTestTests */ = {
			isa = PBXNativeTarget;
			buildConfigurationList = C0386F77289909110080B2ED /* Build configuration list for PBXNativeTarget "AttributedStringTestTests" */;
			buildPhases = (
				C0386F5C289909110080B2ED /* Sources */,
				C0386F5D289909110080B2ED /* Frameworks */,
				C0386F5E289909110080B2ED /* Resources */,
			);
			buildRules = (
			);
			dependencies = (
				C0386F62289909110080B2ED /* PBXTargetDependency */,
			);
			name = AttributedStringTestTests;
			productName = AttributedStringTestTests;
			productReference = C0386F60289909110080B2ED /* AttributedStringTestTests.xctest */;
			productType = "com.apple.product-type.bundle.unit-test";
		};
		C0386F69289909110080B2ED /* AttributedStringTestUITests */ = {
			isa = PBXNativeTarget;
			buildConfigurationList = C0386F7A289909110080B2ED /* Build configuration list for PBXNativeTarget "AttributedStringTestUITests" */;
			buildPhases = (
				C0386F66289909110080B2ED /* Sources */,
				C0386F67289909110080B2ED /* Frameworks */,
				C0386F68289909110080B2ED /* Resources */,
			);
			buildRules = (
			);
			dependencies = (
				C0386F6C289909110080B2ED /* PBXTargetDependency */,
			);
			name = AttributedStringTestUITests;
			productName = AttributedStringTestUITests;
			productReference = C0386F6A289909110080B2ED /* AttributedStringTestUITests.xctest */;
			productType = "com.apple.product-type.bundle.ui-testing";
		};
/* End PBXNativeTarget section */

/* Begin PBXProject section */
		C0386F422899090E0080B2ED /* Project object */ = {
			isa = PBXProject;
			attributes = {
				BuildIndependentTargetsInParallel = 1;
				LastSwiftUpdateCheck = 1340;
				LastUpgradeCheck = 1340;
				TargetAttributes = {
					C0386F492899090E0080B2ED = {
						CreatedOnToolsVersion = 13.4.1;
					};
					C0386F5F289909110080B2ED = {
						CreatedOnToolsVersion = 13.4.1;
						TestTargetID = C0386F492899090E0080B2ED;
					};
					C0386F69289909110080B2ED = {
						CreatedOnToolsVersion = 13.4.1;
						TestTargetID = C0386F492899090E0080B2ED;
					};
				};
			};
			buildConfigurationList = C0386F452899090E0080B2ED /* Build configuration list for PBXProject "AttributedStringTest" */;
			compatibilityVersion = "Xcode 13.0";
			developmentRegion = en;
			hasScannedForEncodings = 0;
			knownRegions = (
				en,
				Base,
			);
			mainGroup = C0386F412899090E0080B2ED;
			productRefGroup = C0386F4B2899090E0080B2ED /* Products */;
			projectDirPath = "";
			projectRoot = "";
			targets = (
				C0386F492899090E0080B2ED /* AttributedStringTest */,
				C0386F5F289909110080B2ED /* AttributedStringTestTests */,
				C0386F69289909110080B2ED /* AttributedStringTestUITests */,
			);
		};
/* End PBXProject section */

/* Begin PBXResourcesBuildPhase section */
		C0386F482899090E0080B2ED /* Resources */ = {
			isa = PBXResourcesBuildPhase;
			buildActionMask = 2147483647;
			files = (
				C0386F5A289909100080B2ED /* LaunchScreen.storyboard in Resources */,
				C0386F57289909100080B2ED /* Assets.xcassets in Resources */,
				C0386F552899090E0080B2ED /* Main.storyboard in Resources */,
			);
			runOnlyForDeploymentPostprocessing = 0;
		};
		C0386F5E289909110080B2ED /* Resources */ = {
			isa = PBXResourcesBuildPhase;
			buildActionMask = 2147483647;
			files = (
			);
			runOnlyForDeploymentPostprocessing = 0;
		};
		C0386F68289909110080B2ED /* Resources */ = {
			isa = PBXResourcesBuildPhase;
			buildActionMask = 2147483647;
			files = (
			);
			runOnlyForDeploymentPostprocessing = 0;
		};
/* End PBXResourcesBuildPhase section */

/* Begin PBXSourcesBuildPhase section */
		C0386F462899090E0080B2ED /* Sources */ = {
			isa = PBXSourcesBuildPhase;
			buildActionMask = 2147483647;
			files = (
				C0386F522899090E0080B2ED /* ViewController.swift in Sources */,
				C0386F4E2899090E0080B2ED /* AppDelegate.swift in Sources */,
				C0386F502899090E0080B2ED /* SceneDelegate.swift in Sources */,
			);
			runOnlyForDeploymentPostprocessing = 0;
		};
		C0386F5C289909110080B2ED /* Sources */ = {
			isa = PBXSourcesBuildPhase;
			buildActionMask = 2147483647;
			files = (
				C0386F65289909110080B2ED /* AttributedStringTestTests.swift in Sources */,
			);
			runOnlyForDeploymentPostprocessing = 0;
		};
		C0386F66289909110080B2ED /* Sources */ = {
			isa = PBXSourcesBuildPhase;
			buildActionMask = 2147483647;
			files = (
				C0386F6F289909110080B2ED /* AttributedStringTestUITests.swift in Sources */,
				C0386F71289909110080B2ED /* AttributedStringTestUITestsLaunchTests.swift in Sources */,
			);
			runOnlyForDeploymentPostprocessing = 0;
		};
/* End PBXSourcesBuildPhase section */

/* Begin PBXTargetDependency section */
		C0386F62289909110080B2ED /* PBXTargetDependency */ = {
			isa = PBXTargetDependency;
			target = C0386F492899090E0080B2ED /* AttributedStringTest */;
			targetProxy = C0386F61289909110080B2ED /* PBXContainerItemProxy */;
		};
		C0386F6C289909110080B2ED /* PBXTargetDependency */ = {
			isa = PBXTargetDependency;
			target = C0386F492899090E0080B2ED /* AttributedStringTest */;
			targetProxy = C0386F6B289909110080B2ED /* PBXContainerItemProxy */;
		};
/* End PBXTargetDependency section */

/* Begin PBXVariantGroup section */
		C0386F532899090E0080B2ED /* Main.storyboard */ = {
			isa = PBXVariantGroup;
			children = (
				C0386F542899090E0080B2ED /* Base */,
			);
			name = Main.storyboard;
			sourceTree = "<group>";
		};
		C0386F58289909100080B2ED /* LaunchScreen.storyboard */ = {
			isa = PBXVariantGroup;
			children = (
				C0386F59289909100080B2ED /* Base */,
			);
			name = LaunchScreen.storyboard;
			sourceTree = "<group>";
		};
/* End PBXVariantGroup section */

/* Begin XCBuildConfiguration section */
		C0386F72289909110080B2ED /* Debug */ = {
			isa = XCBuildConfiguration;
			buildSettings = {
				ALWAYS_SEARCH_USER_PATHS = NO;
				CLANG_ANALYZER_NONNULL = YES;
				CLANG_ANALYZER_NUMBER_OBJECT_CONVERSION = YES_AGGRESSIVE;
				CLANG_CXX_LANGUAGE_STANDARD = "gnu++17";
				CLANG_ENABLE_MODULES = YES;
				CLANG_ENABLE_OBJC_ARC = YES;
				CLANG_ENABLE_OBJC_WEAK = YES;
				CLANG_WARN_BLOCK_CAPTURE_AUTORELEASING = YES;
				CLANG_WARN_BOOL_CONVERSION = YES;
				CLANG_WARN_COMMA = YES;
				CLANG_WARN_CONSTANT_CONVERSION = YES;
				CLANG_WARN_DEPRECATED_OBJC_IMPLEMENTATIONS = YES;
				CLANG_WARN_DIRECT_OBJC_ISA_USAGE = YES_ERROR;
				CLANG_WARN_DOCUMENTATION_COMMENTS = YES;
				CLANG_WARN_EMPTY_BODY = YES;
				CLANG_WARN_ENUM_CONVERSION = YES;
				CLANG_WARN_INFINITE_RECURSION = YES;
				CLANG_WARN_INT_CONVERSION = YES;
				CLANG_WARN_NON_LITERAL_NULL_CONVERSION = YES;
				CLANG_WARN_OBJC_IMPLICIT_RETAIN_SELF = YES;
				CLANG_WARN_OBJC_LITERAL_CONVERSION = YES;
				CLANG_WARN_OBJC_ROOT_CLASS = YES_ERROR;
				CLANG_WARN_QUOTED_INCLUDE_IN_FRAMEWORK_HEADER = YES;
				CLANG_WARN_RANGE_LOOP_ANALYSIS = YES;
				CLANG_WARN_STRICT_PROTOTYPES = YES;
				CLANG_WARN_SUSPICIOUS_MOVE = YES;
				CLANG_WARN_UNGUARDED_AVAILABILITY = YES_AGGRESSIVE;
				CLANG_WARN_UNREACHABLE_CODE = YES;
				CLANG_WARN__DUPLICATE_METHOD_MATCH = YES;
				COPY_PHASE_STRIP = NO;
				DEBUG_INFORMATION_FORMAT = dwarf;
				ENABLE_STRICT_OBJC_MSGSEND = YES;
				ENABLE_TESTABILITY = YES;
				GCC_C_LANGUAGE_STANDARD = gnu11;
				GCC_DYNAMIC_NO_PIC = NO;
				GCC_NO_COMMON_BLOCKS = YES;
				GCC_OPTIMIZATION_LEVEL = 0;
				GCC_PREPROCESSOR_DEFINITIONS = (
					"DEBUG=1",
					"$(inherited)",
				);
				GCC_WARN_64_TO_32_BIT_CONVERSION = YES;
				GCC_WARN_ABOUT_RETURN_TYPE = YES_ERROR;
				GCC_WARN_UNDECLARED_SELECTOR = YES;
				GCC_WARN_UNINITIALIZED_AUTOS = YES_AGGRESSIVE;
				GCC_WARN_UNUSED_FUNCTION = YES;
				GCC_WARN_UNUSED_VARIABLE = YES;
				IPHONEOS_DEPLOYMENT_TARGET = 15.5;
				MTL_ENABLE_DEBUG_INFO = INCLUDE_SOURCE;
				MTL_FAST_MATH = YES;
				ONLY_ACTIVE_ARCH = YES;
				SDKROOT = iphoneos;
				SWIFT_ACTIVE_COMPILATION_CONDITIONS = DEBUG;
				SWIFT_OPTIMIZATION_LEVEL = "-Onone";
			};
			name = Debug;
		};
		C0386F73289909110080B2ED /* Release */ = {
			isa = XCBuildConfiguration;
			buildSettings = {
				ALWAYS_SEARCH_USER_PATHS = NO;
				CLANG_ANALYZER_NONNULL = YES;
				CLANG_ANALYZER_NUMBER_OBJECT_CONVERSION = YES_AGGRESSIVE;
				CLANG_CXX_LANGUAGE_STANDARD = "gnu++17";
				CLANG_ENABLE_MODULES = YES;
				CLANG_ENABLE_OBJC_ARC = YES;
				CLANG_ENABLE_OBJC_WEAK = YES;
				CLANG_WARN_BLOCK_CAPTURE_AUTORELEASING = YES;
				CLANG_WARN_BOOL_CONVERSION = YES;
				CLANG_WARN_COMMA = YES;
				CLANG_WARN_CONSTANT_CONVERSION = YES;
				CLANG_WARN_DEPRECATED_OBJC_IMPLEMENTATIONS = YES;
				CLANG_WARN_DIRECT_OBJC_ISA_USAGE = YES_ERROR;
				CLANG_WARN_DOCUMENTATION_COMMENTS = YES;
				CLANG_WARN_EMPTY_BODY = YES;
				CLANG_WARN_ENUM_CONVERSION = YES;
				CLANG_WARN_INFINITE_RECURSION = YES;
				CLANG_WARN_INT_CONVERSION = YES;
				CLANG_WARN_NON_LITERAL_NULL_CONVERSION = YES;
				CLANG_WARN_OBJC_IMPLICIT_RETAIN_SELF = YES;
				CLANG_WARN_OBJC_LITERAL_CONVERSION = YES;
				CLANG_WARN_OBJC_ROOT_CLASS = YES_ERROR;
				CLANG_WARN_QUOTED_INCLUDE_IN_FRAMEWORK_HEADER = YES;
				CLANG_WARN_RANGE_LOOP_ANALYSIS = YES;
				CLANG_WARN_STRICT_PROTOTYPES = YES;
				CLANG_WARN_SUSPICIOUS_MOVE = YES;
				CLANG_WARN_UNGUARDED_AVAILABILITY = YES_AGGRESSIVE;
				CLANG_WARN_UNREACHABLE_CODE = YES;
				CLANG_WARN__DUPLICATE_METHOD_MATCH = YES;
				COPY_PHASE_STRIP = NO;
				DEBUG_INFORMATION_FORMAT = "dwarf-with-dsym";
				ENABLE_NS_ASSERTIONS = NO;
				ENABLE_STRICT_OBJC_MSGSEND = YES;
				GCC_C_LANGUAGE_STANDARD = gnu11;
				GCC_NO_COMMON_BLOCKS = YES;
				GCC_WARN_64_TO_32_BIT_CONVERSION = YES;
				GCC_WARN_ABOUT_RETURN_TYPE = YES_ERROR;
				GCC_WARN_UNDECLARED_SELECTOR = YES;
				GCC_WARN_UNINITIALIZED_AUTOS = YES_AGGRESSIVE;
				GCC_WARN_UNUSED_FUNCTION = YES;
				GCC_WARN_UNUSED_VARIABLE = YES;
				IPHONEOS_DEPLOYMENT_TARGET = 15.5;
				MTL_ENABLE_DEBUG_INFO = NO;
				MTL_FAST_MATH = YES;
				SDKROOT = iphoneos;
				SWIFT_COMPILATION_MODE = wholemodule;
				SWIFT_OPTIMIZATION_LEVEL = "-O";
				VALIDATE_PRODUCT = YES;
			};
			name = Release;
		};
		C0386F75289909110080B2ED /* Debug */ = {
			isa = XCBuildConfiguration;
			buildSettings = {
				ASSETCATALOG_COMPILER_APPICON_NAME = AppIcon;
				ASSETCATALOG_COMPILER_GLOBAL_ACCENT_COLOR_NAME = AccentColor;
				CODE_SIGN_STYLE = Automatic;
				CURRENT_PROJECT_VERSION = 1;
				DEVELOPMENT_TEAM = 6NDM2TJS37;
				GENERATE_INFOPLIST_FILE = YES;
				INFOPLIST_FILE = AttributedStringTest/Info.plist;
				INFOPLIST_KEY_UIApplicationSupportsIndirectInputEvents = YES;
				INFOPLIST_KEY_UILaunchStoryboardName = LaunchScreen;
				INFOPLIST_KEY_UIMainStoryboardFile = Main;
				INFOPLIST_KEY_UISupportedInterfaceOrientations_iPad = "UIInterfaceOrientationPortrait UIInterfaceOrientationPortraitUpsideDown UIInterfaceOrientationLandscapeLeft UIInterfaceOrientationLandscapeRight";
				INFOPLIST_KEY_UISupportedInterfaceOrientations_iPhone = "UIInterfaceOrientationPortrait UIInterfaceOrientationLandscapeLeft UIInterfaceOrientationLandscapeRight";
				LD_RUNPATH_SEARCH_PATHS = (
					"$(inherited)",
					"@executable_path/Frameworks",
				);
				MARKETING_VERSION = 1.0;
				PRODUCT_BUNDLE_IDENTIFIER = kr.ac.induk.pjy.AttributedStringTest;
				PRODUCT_NAME = "$(TARGET_NAME)";
				SWIFT_EMIT_LOC_STRINGS = YES;
				SWIFT_VERSION = 5.0;
				TARGETED_DEVICE_FAMILY = "1,2";
			};
			name = Debug;
		};
		C0386F76289909110080B2ED /* Release */ = {
			isa = XCBuildConfiguration;
			buildSettings = {
				ASSETCATALOG_COMPILER_APPICON_NAME = AppIcon;
				ASSETCATALOG_COMPILER_GLOBAL_ACCENT_COLOR_NAME = AccentColor;
				CODE_SIGN_STYLE = Automatic;
				CURRENT_PROJECT_VERSION = 1;
				DEVELOPMENT_TEAM = 6NDM2TJS37;
				GENERATE_INFOPLIST_FILE = YES;
				INFOPLIST_FILE = AttributedStringTest/Info.plist;
				INFOPLIST_KEY_UIApplicationSupportsIndirectInputEvents = YES;
				INFOPLIST_KEY_UILaunchStoryboardName = LaunchScreen;
				INFOPLIST_KEY_UIMainStoryboardFile = Main;
				INFOPLIST_KEY_UISupportedInterfaceOrientations_iPad = "UIInterfaceOrientationPortrait UIInterfaceOrientationPortraitUpsideDown UIInterfaceOrientationLandscapeLeft UIInterfaceOrientationLandscapeRight";
				INFOPLIST_KEY_UISupportedInterfaceOrientations_iPhone = "UIInterfaceOrientationPortrait UIInterfaceOrientationLandscapeLeft UIInterfaceOrientationLandscapeRight";
				LD_RUNPATH_SEARCH_PATHS = (
					"$(inherited)",
					"@executable_path/Frameworks",
				);
				MARKETING_VERSION = 1.0;
				PRODUCT_BUNDLE_IDENTIFIER = kr.ac.induk.pjy.AttributedStringTest;
				PRODUCT_NAME = "$(TARGET_NAME)";
				SWIFT_EMIT_LOC_STRINGS = YES;
				SWIFT_VERSION = 5.0;
				TARGETED_DEVICE_FAMILY = "1,2";
			};
			name = Release;
		};
		C0386F78289909110080B2ED /* Debug */ = {
			isa = XCBuildConfiguration;
			buildSettings = {
				ALWAYS_EMBED_SWIFT_STANDARD_LIBRARIES = YES;
				BUNDLE_LOADER = "$(TEST_HOST)";
				CODE_SIGN_STYLE = Automatic;
				CURRENT_PROJECT_VERSION = 1;
				DEVELOPMENT_TEAM = 6NDM2TJS37;
				GENERATE_INFOPLIST_FILE = YES;
				IPHONEOS_DEPLOYMENT_TARGET = 15.5;
				MARKETING_VERSION = 1.0;
				PRODUCT_BUNDLE_IDENTIFIER = kr.ac.induk.pjy.AttributedStringTestTests;
				PRODUCT_NAME = "$(TARGET_NAME)";
				SWIFT_EMIT_LOC_STRINGS = NO;
				SWIFT_VERSION = 5.0;
				TARGETED_DEVICE_FAMILY = "1,2";
				TEST_HOST = "$(BUILT_PRODUCTS_DIR)/AttributedStringTest.app/AttributedStringTest";
			};
			name = Debug;
		};
		C0386F79289909110080B2ED /* Release */ = {
			isa = XCBuildConfiguration;
			buildSettings = {
				ALWAYS_EMBED_SWIFT_STANDARD_LIBRARIES = YES;
				BUNDLE_LOADER = "$(TEST_HOST)";
				CODE_SIGN_STYLE = Automatic;
				CURRENT_PROJECT_VERSION = 1;
				DEVELOPMENT_TEAM = 6NDM2TJS37;
				GENERATE_INFOPLIST_FILE = YES;
				IPHONEOS_DEPLOYMENT_TARGET = 15.5;
				MARKETING_VERSION = 1.0;
				PRODUCT_BUNDLE_IDENTIFIER = kr.ac.induk.pjy.AttributedStringTestTests;
				PRODUCT_NAME = "$(TARGET_NAME)";
				SWIFT_EMIT_LOC_STRINGS = NO;
				SWIFT_VERSION = 5.0;
				TARGETED_DEVICE_FAMILY = "1,2";
				TEST_HOST = "$(BUILT_PRODUCTS_DIR)/AttributedStringTest.app/AttributedStringTest";
			};
			name = Release;
		};
		C0386F7B289909110080B2ED /* Debug */ = {
			isa = XCBuildConfiguration;
			buildSettings = {
				ALWAYS_EMBED_SWIFT_STANDARD_LIBRARIES = YES;
				CODE_SIGN_STYLE = Automatic;
				CURRENT_PROJECT_VERSION = 1;
				DEVELOPMENT_TEAM = 6NDM2TJS37;
				GENERATE_INFOPLIST_FILE = YES;
				MARKETING_VERSION = 1.0;
				PRODUCT_BUNDLE_IDENTIFIER = kr.ac.induk.pjy.AttributedStringTestUITests;
				PRODUCT_NAME = "$(TARGET_NAME)";
				SWIFT_EMIT_LOC_STRINGS = NO;
				SWIFT_VERSION = 5.0;
				TARGETED_DEVICE_FAMILY = "1,2";
				TEST_TARGET_NAME = AttributedStringTest;
			};
			name = Debug;
		};
		C0386F7C289909110080B2ED /* Release */ = {
			isa = XCBuildConfiguration;
			buildSettings = {
				ALWAYS_EMBED_SWIFT_STANDARD_LIBRARIES = YES;
				CODE_SIGN_STYLE = Automatic;
				CURRENT_PROJECT_VERSION = 1;
				DEVELOPMENT_TEAM = 6NDM2TJS37;
				GENERATE_INFOPLIST_FILE = YES;
				MARKETING_VERSION = 1.0;
				PRODUCT_BUNDLE_IDENTIFIER = kr.ac.induk.pjy.AttributedStringTestUITests;
				PRODUCT_NAME = "$(TARGET_NAME)";
				SWIFT_EMIT_LOC_STRINGS = NO;
				SWIFT_VERSION = 5.0;
				TARGETED_DEVICE_FAMILY = "1,2";
				TEST_TARGET_NAME = AttributedStringTest;
			};
			name = Release;
		};
/* End XCBuildConfiguration section */

/* Begin XCConfigurationList section */
		C0386F452899090E0080B2ED /* Build configuration list for PBXProject "AttributedStringTest" */ = {
			isa = XCConfigurationList;
			buildConfigurations = (
				C0386F72289909110080B2ED /* Debug */,
				C0386F73289909110080B2ED /* Release */,
			);
			defaultConfigurationIsVisible = 0;
			defaultConfigurationName = Release;
		};
		C0386F74289909110080B2ED /* Build configuration list for PBXNativeTarget "AttributedStringTest" */ = {
			isa = XCConfigurationList;
			buildConfigurations = (
				C0386F75289909110080B2ED /* Debug */,
				C0386F76289909110080B2ED /* Release */,
			);
			defaultConfigurationIsVisible = 0;
			defaultConfigurationName = Release;
		};
		C0386F77289909110080B2ED /* Build configuration list for PBXNativeTarget "AttributedStringTestTests" */ = {
			isa = XCConfigurationList;
			buildConfigurations = (
				C0386F78289909110080B2ED /* Debug */,
				C0386F79289909110080B2ED /* Release */,
			);
			defaultConfigurationIsVisible = 0;
			defaultConfigurationName = Release;
		};
		C0386F7A289909110080B2ED /* Build configuration list for PBXNativeTarget "AttributedStringTestUITests" */ = {
			isa = XCConfigurationList;
			buildConfigurations = (
				C0386F7B289909110080B2ED /* Debug */,
				C0386F7C289909110080B2ED /* Release */,
			);
			defaultConfigurationIsVisible = 0;
			defaultConfigurationName = Release;
		};
/* End XCConfigurationList section */
	};
	rootObject = C0386F422899090E0080B2ED /* Project object */;
}
